
Microsoft Visual Studio Solution File, Format Version 12.00
# Visual Studio 15
VisualStudioVersion = 15.0.28307.572
MinimumVisualStudioVersion = 10.0.40219.1
Project("{FAE04EC0-301F-11D3-BF4B-00C04F79EFBC}") = "WorldStatistics", "WorldStatistics\WorldStatistics.csproj", "{F84059A9-3E03-4547-9010-B4C3CA65450E}"
EndProject
Global
	GlobalSection(SolutionConfigurationPlatforms) = preSolution
		Debug|Any CPU = Debug|Any CPU
		Release|Any CPU = Release|Any CPU
	EndGlobalSection
	GlobalSection(ProjectConfigurationPlatforms) = postSolution
		{F84059A9-3E03-4547-9010-B4C3CA65450E}.Debug|Any CPU.ActiveCfg = Debug|Any CPU
		{F84059A9-3E03-4547-9010-B4C3CA65450E}.Debug|Any CPU.Build.0 = Debug|Any CPU
		{F84059A9-3E03-4547-9010-B4C3CA65450E}.Release|Any CPU.ActiveCfg = Release|Any CPU
		{F84059A9-3E03-4547-9010-B4C3CA65450E}.Release|Any CPU.Build.0 = Release|Any CPU
	EndGlobalSection
	GlobalSection(SolutionProperties) = preSolution
		HideSolutionNode = FALSE
	EndGlobalSection
	GlobalSection(ExtensibilityGlobals) = postSolution
		SolutionGuid = {BD048584-FF7D-4757-B1EE-3E323BB7F313}
	EndGlobalSection
EndGlobal
